// !$*UTF8*$!
{
	archiveVersion = 1;
	classes = {
	};
	objectVersion = 77;
	objects = {

/* Begin PBXContainerItemProxy section */
		892C38672E5BF35F001D425A /* PBXContainerItemProxy */ = {
			isa = PBXContainerItemProxy;
			containerPortal = 892C384D2E5BF35D001D425A /* Project object */;
			proxyType = 1;
			remoteGlobalIDString = 892C38542E5BF35D001D425A;
			remoteInfo = WindowManager;
		};
		892C38712E5BF35F001D425A /* PBXContainerItemProxy */ = {
			isa = PBXContainerItemProxy;
			containerPortal = 892C384D2E5BF35D001D425A /* Project object */;
			proxyType = 1;
			remoteGlobalIDString = 892C38542E5BF35D001D425A;
			remoteInfo = WindowManager;
		};
/* End PBXContainerItemProxy section */

/* Begin PBXFileReference section */
		892C38552E5BF35E001D425A /* WindowManager.app */ = {isa = PBXFileReference; explicitFileType = wrapper.application; includeInIndex = 0; path = WindowManager.app; sourceTree = BUILT_PRODUCTS_DIR; };
		892C38662E5BF35F001D425A /* WindowManagerTests.xctest */ = {isa = PBXFileReference; explicitFileType = wrapper.cfbundle; includeInIndex = 0; path = WindowManagerTests.xctest; sourceTree = BUILT_PRODUCTS_DIR; };
		892C38702E5BF35F001D425A /* WindowManagerUITests.xctest */ = {isa = PBXFileReference; explicitFileType = wrapper.cfbundle; includeInIndex = 0; path = WindowManagerUITests.xctest; sourceTree = BUILT_PRODUCTS_DIR; };
/* End PBXFileReference section */

/* Begin PBXFileSystemSynchronizedRootGroup section */
		892C38572E5BF35E001D425A /* WindowManager */ = {
			isa = PBXFileSystemSynchronizedRootGroup;
			path = WindowManager;
			sourceTree = "<group>";
		};
		892C38692E5BF35F001D425A /* WindowManagerTests */ = {
			isa = PBXFileSystemSynchronizedRootGroup;
			path = WindowManagerTests;
			sourceTree = "<group>";
		};
		892C38732E5BF35F001D425A /* WindowManagerUITests */ = {
			isa = PBXFileSystemSynchronizedRootGroup;
			path = WindowManagerUITests;
			sourceTree = "<group>";
		};
/* End PBXFileSystemSynchronizedRootGroup section */

/* Begin PBXFrameworksBuildPhase section */
		892C38522E5BF35D001D425A /* Frameworks */ = {
			isa = PBXFrameworksBuildPhase;
			buildActionMask = 2147483647;
			files = (
			);
			runOnlyForDeploymentPostprocessing = 0;
		};
		892C38632E5BF35F001D425A /* Frameworks */ = {
			isa = PBXFrameworksBuildPhase;
			buildActionMask = 2147483647;
			files = (
			);
			runOnlyForDeploymentPostprocessing = 0;
		};
		892C386D2E5BF35F001D425A /* Frameworks */ = {
			isa = PBXFrameworksBuildPhase;
			buildActionMask = 2147483647;
			files = (
			);
			runOnlyForDeploymentPostprocessing = 0;
		};
/* End PBXFrameworksBuildPhase section */

/* Begin PBXGroup section */
		892C384C2E5BF35D001D425A = {
			isa = PBXGroup;
			children = (
				892C38572E5BF35E001D425A /* WindowManager */,
				892C38692E5BF35F001D425A /* WindowManagerTests */,
				892C38732E5BF35F001D425A /* WindowManagerUITests */,
				892C38562E5BF35E001D425A /* Products */,
			);
			sourceTree = "<group>";
		};
		892C38562E5BF35E001D425A /* Products */ = {
			isa = PBXGroup;
			children = (
				892C38552E5BF35E001D425A /* WindowManager.app */,
				892C38662E5BF35F001D425A /* WindowManagerTests.xctest */,
				892C38702E5BF35F001D425A /* WindowManagerUITests.xctest */,
			);
			name = Products;
			sourceTree = "<group>";
		};
/* End PBXGroup section */

/* Begin PBXNativeTarget section */
		892C38542E5BF35D001D425A /* WindowManager */ = {
			isa = PBXNativeTarget;
			buildConfigurationList = 892C387A2E5BF35F001D425A /* Build configuration list for PBXNativeTarget "WindowManager" */;
			buildPhases = (
				892C38512E5BF35D001D425A /* Sources */,
				892C38522E5BF35D001D425A /* Frameworks */,
				892C38532E5BF35D001D425A /* Resources */,
			);
			buildRules = (
			);
			dependencies = (
			);
			fileSystemSynchronizedGroups = (
				892C38572E5BF35E001D425A /* WindowManager */,
			);
			name = WindowManager;
			packageProductDependencies = (
			);
			productName = WindowManager;
			productReference = 892C38552E5BF35E001D425A /* WindowManager.app */;
			productType = "com.apple.product-type.application";
		};
		892C38652E5BF35F001D425A /* WindowManagerTests */ = {
			isa = PBXNativeTarget;
			buildConfigurationList = 892C387D2E5BF35F001D425A /* Build configuration list for PBXNativeTarget "WindowManagerTests" */;
			buildPhases = (
				892C38622E5BF35F001D425A /* Sources */,
				892C38632E5BF35F001D425A /* Frameworks */,
				892C38642E5BF35F001D425A /* Resources */,
			);
			buildRules = (
			);
			dependencies = (
				892C38682E5BF35F001D425A /* PBXTargetDependency */,
			);
			fileSystemSynchronizedGroups = (
				892C38692E5BF35F001D425A /* WindowManagerTests */,
			);
			name = WindowManagerTests;
			packageProductDependencies = (
			);
			productName = WindowManagerTests;
			productReference = 892C38662E5BF35F001D425A /* WindowManagerTests.xctest */;
			productType = "com.apple.product-type.bundle.unit-test";
		};
		892C386F2E5BF35F001D425A /* WindowManagerUITests */ = {
			isa = PBXNativeTarget;
			buildConfigurationList = 892C38802E5BF35F001D425A /* Build configuration list for PBXNativeTarget "WindowManagerUITests" */;
			buildPhases = (
				892C386C2E5BF35F001D425A /* Sources */,
				892C386D2E5BF35F001D425A /* Frameworks */,
				892C386E2E5BF35F001D425A /* Resources */,
			);
			buildRules = (
			);
			dependencies = (
				892C38722E5BF35F001D425A /* PBXTargetDependency */,
			);
			fileSystemSynchronizedGroups = (
				892C38732E5BF35F001D425A /* WindowManagerUITests */,
			);
			name = WindowManagerUITests;
			packageProductDependencies = (
			);
			productName = WindowManagerUITests;
			productReference = 892C38702E5BF35F001D425A /* WindowManagerUITests.xctest */;
			productType = "com.apple.product-type.bundle.ui-testing";
		};
/* End PBXNativeTarget section */

/* Begin PBXProject section */
		892C384D2E5BF35D001D425A /* Project object */ = {
			isa = PBXProject;
			attributes = {
				BuildIndependentTargetsInParallel = 1;
				LastSwiftUpdateCheck = 1600;
				LastUpgradeCheck = 1600;
				TargetAttributes = {
					892C38542E5BF35D001D425A = {
						CreatedOnToolsVersion = 16.0;
					};
					892C38652E5BF35F001D425A = {
						CreatedOnToolsVersion = 16.0;
						TestTargetID = 892C38542E5BF35D001D425A;
					};
					892C386F2E5BF35F001D425A = {
						CreatedOnToolsVersion = 16.0;
						TestTargetID = 892C38542E5BF35D001D425A;
					};
				};
			};
			buildConfigurationList = 892C38502E5BF35D001D425A /* Build configuration list for PBXProject "WindowManager" */;
			developmentRegion = en;
			hasScannedForEncodings = 0;
			knownRegions = (
				en,
				Base,
			);
			mainGroup = 892C384C2E5BF35D001D425A;
			minimizedProjectReferenceProxies = 1;
			preferredProjectObjectVersion = 77;
			productRefGroup = 892C38562E5BF35E001D425A /* Products */;
			projectDirPath = "";
			projectRoot = "";
			targets = (
				892C38542E5BF35D001D425A /* WindowManager */,
				892C38652E5BF35F001D425A /* WindowManagerTests */,
				892C386F2E5BF35F001D425A /* WindowManagerUITests */,
			);
		};
/* End PBXProject section */

/* Begin PBXResourcesBuildPhase section */
		892C38532E5BF35D001D425A /* Resources */ = {
			isa = PBXResourcesBuildPhase;
			buildActionMask = 2147483647;
			files = (
			);
			runOnlyForDeploymentPostprocessing = 0;
		};
		892C38642E5BF35F001D425A /* Resources */ = {
			isa = PBXResourcesBuildPhase;
			buildActionMask = 2147483647;
			files = (
			);
			runOnlyForDeploymentPostprocessing = 0;
		};
		892C386E2E5BF35F001D425A /* Resources */ = {
			isa = PBXResourcesBuildPhase;
			buildActionMask = 2147483647;
			files = (
			);
			runOnlyForDeploymentPostprocessing = 0;
		};
/* End PBXResourcesBuildPhase section */

/* Begin PBXSourcesBuildPhase section */
		892C38512E5BF35D001D425A /* Sources */ = {
			isa = PBXSourcesBuildPhase;
			buildActionMask = 2147483647;
			files = (
			);
			runOnlyForDeploymentPostprocessing = 0;
		};
		892C38622E5BF35F001D425A /* Sources */ = {
			isa = PBXSourcesBuildPhase;
			buildActionMask = 2147483647;
			files = (
			);
			runOnlyForDeploymentPostprocessing = 0;
		};
		892C386C2E5BF35F001D425A /* Sources */ = {
			isa = PBXSourcesBuildPhase;
			buildActionMask = 2147483647;
			files = (
			);
			runOnlyForDeploymentPostprocessing = 0;
		};
/* End PBXSourcesBuildPhase section */

/* Begin PBXTargetDependency section */
		892C38682E5BF35F001D425A /* PBXTargetDependency */ = {
			isa = PBXTargetDependency;
			target = 892C38542E5BF35D001D425A /* WindowManager */;
			targetProxy = 892C38672E5BF35F001D425A /* PBXContainerItemProxy */;
		};
		892C38722E5BF35F001D425A /* PBXTargetDependency */ = {
			isa = PBXTargetDependency;
			target = 892C38542E5BF35D001D425A /* WindowManager */;
			targetProxy = 892C38712E5BF35F001D425A /* PBXContainerItemProxy */;
		};
/* End PBXTargetDependency section */

/* Begin XCBuildConfiguration section */
		892C38782E5BF35F001D425A /* Debug */ = {
			isa = XCBuildConfiguration;
			buildSettings = {
				ALWAYS_SEARCH_USER_PATHS = NO;
				ASSETCATALOG_COMPILER_GENERATE_SWIFT_ASSET_SYMBOL_EXTENSIONS = YES;
				CLANG_ANALYZER_NONNULL = YES;
				CLANG_ANALYZER_NUMBER_OBJECT_CONVERSION = YES_AGGRESSIVE;
				CLANG_CXX_LANGUAGE_STANDARD = "gnu++20";
				CLANG_ENABLE_MODULES = YES;
				CLANG_ENABLE_OBJC_ARC = YES;
				CLANG_ENABLE_OBJC_WEAK = YES;
				CLANG_WARN_BLOCK_CAPTURE_AUTORELEASING = YES;
				CLANG_WARN_BOOL_CONVERSION = YES;
				CLANG_WARN_COMMA = YES;
				CLANG_WARN_CONSTANT_CONVERSION = YES;
				CLANG_WARN_DEPRECATED_OBJC_IMPLEMENTATIONS = YES;
				CLANG_WARN_DIRECT_OBJC_ISA_USAGE = YES_ERROR;
				CLANG_WARN_DOCUMENTATION_COMMENTS = YES;
				CLANG_WARN_EMPTY_BODY = YES;
				CLANG_WARN_ENUM_CONVERSION = YES;
				CLANG_WARN_INFINITE_RECURSION = YES;
				CLANG_WARN_INT_CONVERSION = YES;
				CLANG_WARN_NON_LITERAL_NULL_CONVERSION = YES;
				CLANG_WARN_OBJC_IMPLICIT_RETAIN_SELF = YES;
				CLANG_WARN_OBJC_LITERAL_CONVERSION = YES;
				CLANG_WARN_OBJC_ROOT_CLASS = YES_ERROR;
				CLANG_WARN_QUOTED_INCLUDE_IN_FRAMEWORK_HEADER = YES;
				CLANG_WARN_RANGE_LOOP_ANALYSIS = YES;
				CLANG_WARN_STRICT_PROTOTYPES = YES;
				CLANG_WARN_SUSPICIOUS_MOVE = YES;
				CLANG_WARN_UNGUARDED_AVAILABILITY = YES_AGGRESSIVE;
				CLANG_WARN_UNREACHABLE_CODE = YES;
				CLANG_WARN__DUPLICATE_METHOD_MATCH = YES;
				COPY_PHASE_STRIP = NO;
				DEBUG_INFORMATION_FORMAT = dwarf;
				ENABLE_STRICT_OBJC_MSGSEND = YES;
				ENABLE_TESTABILITY = YES;
				ENABLE_USER_SCRIPT_SANDBOXING = YES;
				GCC_C_LANGUAGE_STANDARD = gnu17;
				GCC_DYNAMIC_NO_PIC = NO;
				GCC_NO_COMMON_BLOCKS = YES;
				GCC_OPTIMIZATION_LEVEL = 0;
				GCC_PREPROCESSOR_DEFINITIONS = (
					"DEBUG=1",
					"$(inherited)",
				);
				GCC_WARN_64_TO_32_BIT_CONVERSION = YES;
				GCC_WARN_ABOUT_RETURN_TYPE = YES_ERROR;
				GCC_WARN_UNDECLARED_SELECTOR = YES;
				GCC_WARN_UNINITIALIZED_AUTOS = YES_AGGRESSIVE;
				GCC_WARN_UNUSED_FUNCTION = YES;
				GCC_WARN_UNUSED_VARIABLE = YES;
				LOCALIZATION_PREFERS_STRING_CATALOGS = YES;
				MACOSX_DEPLOYMENT_TARGET = 14.6;
				MTL_ENABLE_DEBUG_INFO = INCLUDE_SOURCE;
				MTL_FAST_MATH = YES;
				ONLY_ACTIVE_ARCH = YES;
				SDKROOT = macosx;
				SWIFT_ACTIVE_COMPILATION_CONDITIONS = "DEBUG $(inherited)";
				SWIFT_OPTIMIZATION_LEVEL = "-Onone";
			};
			name = Debug;
		};
		892C38792E5BF35F001D425A /* Release */ = {
			isa = XCBuildConfiguration;
			buildSettings = {
				ALWAYS_SEARCH_USER_PATHS = NO;
				ASSETCATALOG_COMPILER_GENERATE_SWIFT_ASSET_SYMBOL_EXTENSIONS = YES;
				CLANG_ANALYZER_NONNULL = YES;
				CLANG_ANALYZER_NUMBER_OBJECT_CONVERSION = YES_AGGRESSIVE;
				CLANG_CXX_LANGUAGE_STANDARD = "gnu++20";
				CLANG_ENABLE_MODULES = YES;
				CLANG_ENABLE_OBJC_ARC = YES;
				CLANG_ENABLE_OBJC_WEAK = YES;
				CLANG_WARN_BLOCK_CAPTURE_AUTORELEASING = YES;
				CLANG_WARN_BOOL_CONVERSION = YES;
				CLANG_WARN_COMMA = YES;
				CLANG_WARN_CONSTANT_CONVERSION = YES;
				CLANG_WARN_DEPRECATED_OBJC_IMPLEMENTATIONS = YES;
				CLANG_WARN_DIRECT_OBJC_ISA_USAGE = YES_ERROR;
				CLANG_WARN_DOCUMENTATION_COMMENTS = YES;
				CLANG_WARN_EMPTY_BODY = YES;
				CLANG_WARN_ENUM_CONVERSION = YES;
				CLANG_WARN_INFINITE_RECURSION = YES;
				CLANG_WARN_INT_CONVERSION = YES;
				CLANG_WARN_NON_LITERAL_NULL_CONVERSION = YES;
				CLANG_WARN_OBJC_IMPLICIT_RETAIN_SELF = YES;
				CLANG_WARN_OBJC_LITERAL_CONVERSION = YES;
				CLANG_WARN_OBJC_ROOT_CLASS = YES_ERROR;
				CLANG_WARN_QUOTED_INCLUDE_IN_FRAMEWORK_HEADER = YES;
				CLANG_WARN_RANGE_LOOP_ANALYSIS = YES;
				CLANG_WARN_STRICT_PROTOTYPES = YES;
				CLANG_WARN_SUSPICIOUS_MOVE = YES;
				CLANG_WARN_UNGUARDED_AVAILABILITY = YES_AGGRESSIVE;
				CLANG_WARN_UNREACHABLE_CODE = YES;
				CLANG_WARN__DUPLICATE_METHOD_MATCH = YES;
				COPY_PHASE_STRIP = NO;
				DEBUG_INFORMATION_FORMAT = "dwarf-with-dsym";
				ENABLE_NS_ASSERTIONS = NO;
				ENABLE_STRICT_OBJC_MSGSEND = YES;
				ENABLE_USER_SCRIPT_SANDBOXING = YES;
				GCC_C_LANGUAGE_STANDARD = gnu17;
				GCC_NO_COMMON_BLOCKS = YES;
				GCC_WARN_64_TO_32_BIT_CONVERSION = YES;
				GCC_WARN_ABOUT_RETURN_TYPE = YES_ERROR;
				GCC_WARN_UNDECLARED_SELECTOR = YES;
				GCC_WARN_UNINITIALIZED_AUTOS = YES_AGGRESSIVE;
				GCC_WARN_UNUSED_FUNCTION = YES;
				GCC_WARN_UNUSED_VARIABLE = YES;
				LOCALIZATION_PREFERS_STRING_CATALOGS = YES;
				MACOSX_DEPLOYMENT_TARGET = 14.6;
				MTL_ENABLE_DEBUG_INFO = NO;
				MTL_FAST_MATH = YES;
				SDKROOT = macosx;
				SWIFT_COMPILATION_MODE = wholemodule;
			};
			name = Release;
		};
		892C387B2E5BF35F001D425A /* Debug */ = {
			isa = XCBuildConfiguration;
			buildSettings = {
				ASSETCATALOG_COMPILER_APPICON_NAME = AppIcon;
				ASSETCATALOG_COMPILER_GLOBAL_ACCENT_COLOR_NAME = AccentColor;
				CODE_SIGN_ENTITLEMENTS = WindowManager/WindowManager.entitlements;
				CODE_SIGN_STYLE = Automatic;
				COMBINE_HIDPI_IMAGES = YES;
				CURRENT_PROJECT_VERSION = 1;
				DEVELOPMENT_ASSET_PATHS = "\"WindowManager/Preview Content\"";
				ENABLE_PREVIEWS = YES;
				GENERATE_INFOPLIST_FILE = YES;
				INFOPLIST_KEY_NSHumanReadableCopyright = "";
				LD_RUNPATH_SEARCH_PATHS = (
					"$(inherited)",
					"@executable_path/../Frameworks",
				);
				MARKETING_VERSION = 1.0;
				PRODUCT_BUNDLE_IDENTIFIER = com.gmail.isochikuwa0522.WindowManager;
				PRODUCT_NAME = "$(TARGET_NAME)";
				SWIFT_EMIT_LOC_STRINGS = YES;
				SWIFT_VERSION = 5.0;
			};
			name = Debug;
		};
		892C387C2E5BF35F001D425A /* Release */ = {
			isa = XCBuildConfiguration;
			buildSettings = {
				ASSETCATALOG_COMPILER_APPICON_NAME = AppIcon;
				ASSETCATALOG_COMPILER_GLOBAL_ACCENT_COLOR_NAME = AccentColor;
				CODE_SIGN_ENTITLEMENTS = WindowManager/WindowManager.entitlements;
				CODE_SIGN_STYLE = Automatic;
				COMBINE_HIDPI_IMAGES = YES;
				CURRENT_PROJECT_VERSION = 1;
				DEVELOPMENT_ASSET_PATHS = "\"WindowManager/Preview Content\"";
				ENABLE_PREVIEWS = YES;
				GENERATE_INFOPLIST_FILE = YES;
				INFOPLIST_KEY_NSHumanReadableCopyright = "";
				LD_RUNPATH_SEARCH_PATHS = (
					"$(inherited)",
					"@executable_path/../Frameworks",
				);
				MARKETING_VERSION = 1.0;
				PRODUCT_BUNDLE_IDENTIFIER = com.gmail.isochikuwa0522.WindowManager;
				PRODUCT_NAME = "$(TARGET_NAME)";
				SWIFT_EMIT_LOC_STRINGS = YES;
				SWIFT_VERSION = 5.0;
			};
			name = Release;
		};
		892C387E2E5BF35F001D425A /* Debug */ = {
			isa = XCBuildConfiguration;
			buildSettings = {
				BUNDLE_LOADER = "$(TEST_HOST)";
				CODE_SIGN_STYLE = Automatic;
				CURRENT_PROJECT_VERSION = 1;
				GENERATE_INFOPLIST_FILE = YES;
				MACOSX_DEPLOYMENT_TARGET = 14.6;
				MARKETING_VERSION = 1.0;
				PRODUCT_BUNDLE_IDENTIFIER = com.gmail.isochikuwa0522.WindowManagerTests;
				PRODUCT_NAME = "$(TARGET_NAME)";
				SWIFT_EMIT_LOC_STRINGS = NO;
				SWIFT_VERSION = 5.0;
				TEST_HOST = "$(BUILT_PRODUCTS_DIR)/WindowManager.app/$(BUNDLE_EXECUTABLE_FOLDER_PATH)/WindowManager";
			};
			name = Debug;
		};
		892C387F2E5BF35F001D425A /* Release */ = {
			isa = XCBuildConfiguration;
			buildSettings = {
				BUNDLE_LOADER = "$(TEST_HOST)";
				CODE_SIGN_STYLE = Automatic;
				CURRENT_PROJECT_VERSION = 1;
				GENERATE_INFOPLIST_FILE = YES;
				MACOSX_DEPLOYMENT_TARGET = 14.6;
				MARKETING_VERSION = 1.0;
				PRODUCT_BUNDLE_IDENTIFIER = com.gmail.isochikuwa0522.WindowManagerTests;
				PRODUCT_NAME = "$(TARGET_NAME)";
				SWIFT_EMIT_LOC_STRINGS = NO;
				SWIFT_VERSION = 5.0;
				TEST_HOST = "$(BUILT_PRODUCTS_DIR)/WindowManager.app/$(BUNDLE_EXECUTABLE_FOLDER_PATH)/WindowManager";
			};
			name = Release;
		};
		892C38812E5BF35F001D425A /* Debug */ = {
			isa = XCBuildConfiguration;
			buildSettings = {
				CODE_SIGN_STYLE = Automatic;
				CURRENT_PROJECT_VERSION = 1;
				GENERATE_INFOPLIST_FILE = YES;
				MARKETING_VERSION = 1.0;
				PRODUCT_BUNDLE_IDENTIFIER = com.gmail.isochikuwa0522.WindowManagerUITests;
				PRODUCT_NAME = "$(TARGET_NAME)";
				SWIFT_EMIT_LOC_STRINGS = NO;
				SWIFT_VERSION = 5.0;
				TEST_TARGET_NAME = WindowManager;
			};
			name = Debug;
		};
		892C38822E5BF35F001D425A /* Release */ = {
			isa = XCBuildConfiguration;
			buildSettings = {
				CODE_SIGN_STYLE = Automatic;
				CURRENT_PROJECT_VERSION = 1;
				GENERATE_INFOPLIST_FILE = YES;
				MARKETING_VERSION = 1.0;
				PRODUCT_BUNDLE_IDENTIFIER = com.gmail.isochikuwa0522.WindowManagerUITests;
				PRODUCT_NAME = "$(TARGET_NAME)";
				SWIFT_EMIT_LOC_STRINGS = NO;
				SWIFT_VERSION = 5.0;
				TEST_TARGET_NAME = WindowManager;
			};
			name = Release;
		};
/* End XCBuildConfiguration section */

/* Begin XCConfigurationList section */
		892C38502E5BF35D001D425A /* Build configuration list for PBXProject "WindowManager" */ = {
			isa = XCConfigurationList;
			buildConfigurations = (
				892C38782E5BF35F001D425A /* Debug */,
				892C38792E5BF35F001D425A /* Release */,
			);
			defaultConfigurationIsVisible = 0;
			defaultConfigurationName = Release;
		};
		892C387A2E5BF35F001D425A /* Build configuration list for PBXNativeTarget "WindowManager" */ = {
			isa = XCConfigurationList;
			buildConfigurations = (
				892C387B2E5BF35F001D425A /* Debug */,
				892C387C2E5BF35F001D425A /* Release */,
			);
			defaultConfigurationIsVisible = 0;
			defaultConfigurationName = Release;
		};
		892C387D2E5BF35F001D425A /* Build configuration list for PBXNativeTarget "WindowManagerTests" */ = {
			isa = XCConfigurationList;
			buildConfigurations = (
				892C387E2E5BF35F001D425A /* Debug */,
				892C387F2E5BF35F001D425A /* Release */,
			);
			defaultConfigurationIsVisible = 0;
			defaultConfigurationName = Release;
		};
		892C38802E5BF35F001D425A /* Build configuration list for PBXNativeTarget "WindowManagerUITests" */ = {
			isa = XCConfigurationList;
			buildConfigurations = (
				892C38812E5BF35F001D425A /* Debug */,
				892C38822E5BF35F001D425A /* Release */,
			);
			defaultConfigurationIsVisible = 0;
			defaultConfigurationName = Release;
		};
/* End XCConfigurationList section */
	};
	rootObject = 892C384D2E5BF35D001D425A /* Project object */;
}
